github.com/jbrukh/go-banzhaf v0.0.0-20191117150337-eb1da3431d02 h1:iifRAnouF8VY6BrAOwgsnP9BO2HmtruGdFK6nL+sBlg=
github.com/jbrukh/go-banzhaf v0.0.0-20191117150337-eb1da3431d02/go.mod h1:A/tLujRrPuyBYgxGkjeKJfPcZo7/tCY3k7WUmKQzxrk=
github.com/jbrukh/go-banzhaf v0.0.1 h1:rtcoU6fg15QyF6Fgdm9OPcTXagFsa/k4xk7UvToBV3U=
github.com/jbrukh/go-banzhaf v0.0.1/go.mod h1:A/tLujRrPuyBYgxGkjeKJfPcZo7/tCY3k7WUmKQzxrk=
